
Microsoft Visual Studio Solution File, Format Version 12.00
# Visual Studio Version 17
VisualStudioVersion = 17.5.33502.453
MinimumVisualStudioVersion = 10.0.40219.1
Project("{FAE04EC0-301F-11D3-BF4B-00C04F79EFBC}") = "JADSVC.API", "JAD.API\JADSVC.API.csproj", "{7232D8E1-6DF2-436A-8BED-285AD564898F}"
EndProject
Project("{FAE04EC0-301F-11D3-BF4B-00C04F79EFBC}") = "JADSVC.Core", "JAD.Core\JADSVC.Core.csproj", "{8A0F330F-7124-4B43-BA22-99EE636C00CB}"
EndProject
Project("{FAE04EC0-301F-11D3-BF4B-00C04F79EFBC}") = "JADSVC.Intefaces", "JAD.Intefaces\JADSVC.Intefaces.csproj", "{935A99D9-8B87-48A3-AA29-2A7697A62D65}"
EndProject
Project("{9A19103F-16F7-4668-BE54-9A1E7A4F7556}") = "JADSVC.Models", "JAD.Models\JADSVC.Models.csproj", "{C85C28B3-C7CE-4E00-835F-1DF487217EEF}"
EndProject
Project("{FAE04EC0-301F-11D3-BF4B-00C04F79EFBC}") = "JADSVC.Data", "JAD.Data\JADSVC.Data.csproj", "{7E9B5164-6517-4A46-9284-37987B7E8580}"
EndProject
Global
	GlobalSection(SolutionConfigurationPlatforms) = preSolution
		Debug|Any CPU = Debug|Any CPU
		Release|Any CPU = Release|Any CPU
	EndGlobalSection
	GlobalSection(ProjectConfigurationPlatforms) = postSolution
		{7232D8E1-6DF2-436A-8BED-285AD564898F}.Debug|Any CPU.ActiveCfg = Debug|Any CPU
		{7232D8E1-6DF2-436A-8BED-285AD564898F}.Debug|Any CPU.Build.0 = Debug|Any CPU
		{7232D8E1-6DF2-436A-8BED-285AD564898F}.Release|Any CPU.ActiveCfg = Release|Any CPU
		{7232D8E1-6DF2-436A-8BED-285AD564898F}.Release|Any CPU.Build.0 = Release|Any CPU
		{8A0F330F-7124-4B43-BA22-99EE636C00CB}.Debug|Any CPU.ActiveCfg = Debug|Any CPU
		{8A0F330F-7124-4B43-BA22-99EE636C00CB}.Debug|Any CPU.Build.0 = Debug|Any CPU
		{8A0F330F-7124-4B43-BA22-99EE636C00CB}.Release|Any CPU.ActiveCfg = Release|Any CPU
		{8A0F330F-7124-4B43-BA22-99EE636C00CB}.Release|Any CPU.Build.0 = Release|Any CPU
		{935A99D9-8B87-48A3-AA29-2A7697A62D65}.Debug|Any CPU.ActiveCfg = Debug|Any CPU
		{935A99D9-8B87-48A3-AA29-2A7697A62D65}.Debug|Any CPU.Build.0 = Debug|Any CPU
		{935A99D9-8B87-48A3-AA29-2A7697A62D65}.Release|Any CPU.ActiveCfg = Release|Any CPU
		{935A99D9-8B87-48A3-AA29-2A7697A62D65}.Release|Any CPU.Build.0 = Release|Any CPU
		{C85C28B3-C7CE-4E00-835F-1DF487217EEF}.Debug|Any CPU.ActiveCfg = Debug|Any CPU
		{C85C28B3-C7CE-4E00-835F-1DF487217EEF}.Debug|Any CPU.Build.0 = Debug|Any CPU
		{C85C28B3-C7CE-4E00-835F-1DF487217EEF}.Release|Any CPU.ActiveCfg = Release|Any CPU
		{C85C28B3-C7CE-4E00-835F-1DF487217EEF}.Release|Any CPU.Build.0 = Release|Any CPU
		{7E9B5164-6517-4A46-9284-37987B7E8580}.Debug|Any CPU.ActiveCfg = Debug|Any CPU
		{7E9B5164-6517-4A46-9284-37987B7E8580}.Debug|Any CPU.Build.0 = Debug|Any CPU
		{7E9B5164-6517-4A46-9284-37987B7E8580}.Release|Any CPU.ActiveCfg = Release|Any CPU
		{7E9B5164-6517-4A46-9284-37987B7E8580}.Release|Any CPU.Build.0 = Release|Any CPU
	EndGlobalSection
	GlobalSection(SolutionProperties) = preSolution
		HideSolutionNode = FALSE
	EndGlobalSection
	GlobalSection(ExtensibilityGlobals) = postSolution
		SolutionGuid = {65CABF8F-5A06-4B47-B1EA-97445AFA8CBD}
	EndGlobalSection
EndGlobal
